
Microsoft Visual Studio Solution File, Format Version 12.00
# Visual Studio Version 17
VisualStudioVersion = 17.2.32505.173
MinimumVisualStudioVersion = 10.0.40219.1
Project("{FAE04EC0-301F-11D3-BF4B-00C04F79EFBC}") = "All_Home_Work_form", "All_Home_Work_form\All_Home_Work_form.csproj", "{C41413D1-987D-418F-9196-DFC5DE066090}"
EndProject
Global
	GlobalSection(SolutionConfigurationPlatforms) = preSolution
		Debug|Any CPU = Debug|Any CPU
		Release|Any CPU = Release|Any CPU
	EndGlobalSection
	GlobalSection(ProjectConfigurationPlatforms) = postSolution
		{C41413D1-987D-418F-9196-DFC5DE066090}.Debug|Any CPU.ActiveCfg = Debug|Any CPU
		{C41413D1-987D-418F-9196-DFC5DE066090}.Debug|Any CPU.Build.0 = Debug|Any CPU
		{C41413D1-987D-418F-9196-DFC5DE066090}.Release|Any CPU.ActiveCfg = Release|Any CPU
		{C41413D1-987D-418F-9196-DFC5DE066090}.Release|Any CPU.Build.0 = Release|Any CPU
	EndGlobalSection
	GlobalSection(SolutionProperties) = preSolution
		HideSolutionNode = FALSE
	EndGlobalSection
	GlobalSection(ExtensibilityGlobals) = postSolution
		SolutionGuid = {FF6EA773-B42B-4094-82C2-F8305637B6D8}
	EndGlobalSection
EndGlobal
